// !$*UTF8*$!
{
	archiveVersion = 1;
	classes = {
	};
	objectVersion = 77;
	objects = {

/* Begin PBXBuildFile section */
		CE38068C2D6272CF00E0CBFE /* InfoPlist.strings in Resources */ = {isa = PBXBuildFile; fileRef = CE38068A2D6272CF00E0CBFE /* InfoPlist.strings */; };
		CECD37102D62197C00050FB6 /* Assets.xcassets in Resources */ = {isa = PBXBuildFile; fileRef = CECD370A2D62197C00050FB6 /* Assets.xcassets */; };
		CECD37132D62197C00050FB6 /* ViewController.swift in Sources */ = {isa = PBXBuildFile; fileRef = CECD37062D62197C00050FB6 /* ViewController.swift */; };
		CECD371C2D621AE200050FB6 /* Injector.swift in Sources */ = {isa = PBXBuildFile; fileRef = CECD371A2D621AE200050FB6 /* Injector.swift */; };
		CECD37202D621D7000050FB6 /* InjectorProtocol.swift in Sources */ = {isa = PBXBuildFile; fileRef = CECD371F2D621D7000050FB6 /* InjectorProtocol.swift */; };
		CECD372A2D621DEF00050FB6 /* Builder.swift in Sources */ = {isa = PBXBuildFile; fileRef = CECD37282D621DEF00050FB6 /* Builder.swift */; };
		CECD372E2D621EC400050FB6 /* Storage.swift in Sources */ = {isa = PBXBuildFile; fileRef = CECD372D2D621EC400050FB6 /* Storage.swift */; };
		CECD37302D621EF100050FB6 /* StorageProtocol.swift in Sources */ = {isa = PBXBuildFile; fileRef = CECD372F2D621EF100050FB6 /* StorageProtocol.swift */; };
		CECD37392D62216C00050FB6 /* FileManagerProtocol.swift in Sources */ = {isa = PBXBuildFile; fileRef = CECD37372D62216C00050FB6 /* FileManagerProtocol.swift */; };
		CECD37402D62234700050FB6 /* FileManagerExtension.swift in Sources */ = {isa = PBXBuildFile; fileRef = CECD373E2D62234700050FB6 /* FileManagerExtension.swift */; };
		CECD37462D62244300050FB6 /* LaunchScreen.storyboard in Resources */ = {isa = PBXBuildFile; fileRef = CECD37442D62244300050FB6 /* LaunchScreen.storyboard */; };
		CECD37492D62244300050FB6 /* AppDelegate.swift in Sources */ = {isa = PBXBuildFile; fileRef = CECD37472D62244300050FB6 /* AppDelegate.swift */; };
		CECD37502D62266700050FB6 /* LoggerExtension.swift in Sources */ = {isa = PBXBuildFile; fileRef = CECD374E2D62266700050FB6 /* LoggerExtension.swift */; };
		CECD37522D62267800050FB6 /* NSObjectExtension.swift in Sources */ = {isa = PBXBuildFile; fileRef = CECD37512D62267800050FB6 /* NSObjectExtension.swift */; };
		CECD37542D62271000050FB6 /* LoggerProtocol.swift in Sources */ = {isa = PBXBuildFile; fileRef = CECD37532D62271000050FB6 /* LoggerProtocol.swift */; };
		CECD375A2D6227CA00050FB6 /* LoggerProtocolExtension.swift in Sources */ = {isa = PBXBuildFile; fileRef = CECD37582D6227CA00050FB6 /* LoggerProtocolExtension.swift */; };
		CECD375C2D622A2B00050FB6 /* DateExtension.swift in Sources */ = {isa = PBXBuildFile; fileRef = CECD375B2D622A2B00050FB6 /* DateExtension.swift */; };
		CECD37622D622BF500050FB6 /* AppCoordinator.swift in Sources */ = {isa = PBXBuildFile; fileRef = CECD37602D622BF500050FB6 /* AppCoordinator.swift */; };
		CECD37642D622C0C00050FB6 /* AppCoordinatorProtocol.swift in Sources */ = {isa = PBXBuildFile; fileRef = CECD37632D622C0C00050FB6 /* AppCoordinatorProtocol.swift */; };
		CECD37682D622C4E00050FB6 /* AppBuilder.swift in Sources */ = {isa = PBXBuildFile; fileRef = CECD37672D622C4E00050FB6 /* AppBuilder.swift */; };
		CECD376A2D622C5400050FB6 /* AppBuilderProtocol.swift in Sources */ = {isa = PBXBuildFile; fileRef = CECD37692D622C5400050FB6 /* AppBuilderProtocol.swift */; };
		CECD37742D62426D00050FB6 /* SplashCoordinator.swift in Sources */ = {isa = PBXBuildFile; fileRef = CECD37732D62426D00050FB6 /* SplashCoordinator.swift */; };
		CECD37762D62427C00050FB6 /* SplashCoordinatorProtocol.swift in Sources */ = {isa = PBXBuildFile; fileRef = CECD37752D62427C00050FB6 /* SplashCoordinatorProtocol.swift */; };
		CECD377C2D62445A00050FB6 /* SplashBuilder.swift in Sources */ = {isa = PBXBuildFile; fileRef = CECD377B2D62445A00050FB6 /* SplashBuilder.swift */; };
		CECD377E2D62447300050FB6 /* SplashBuilderProtocol.swift in Sources */ = {isa = PBXBuildFile; fileRef = CECD377D2D62447300050FB6 /* SplashBuilderProtocol.swift */; };
		CECD37822D624CF100050FB6 /* SplashViewController.swift in Sources */ = {isa = PBXBuildFile; fileRef = CECD37812D624CF100050FB6 /* SplashViewController.swift */; };
		CECD37862D624D1D00050FB6 /* SplashViewModel.swift in Sources */ = {isa = PBXBuildFile; fileRef = CECD37852D624D1D00050FB6 /* SplashViewModel.swift */; };
		CECD37882D624D2900050FB6 /* SplashViewModelProtocol.swift in Sources */ = {isa = PBXBuildFile; fileRef = CECD37872D624D2900050FB6 /* SplashViewModelProtocol.swift */; };
		CECD37902D624D5400050FB6 /* SplashView.swift in Sources */ = {isa = PBXBuildFile; fileRef = CECD378E2D624D5400050FB6 /* SplashView.swift */; };
		CECD37922D624D6000050FB6 /* SplashViewProtocol.swift in Sources */ = {isa = PBXBuildFile; fileRef = CECD37912D624D6000050FB6 /* SplashViewProtocol.swift */; };
		CECD37942D624F9900050FB6 /* NavigationCoordinator.swift in Sources */ = {isa = PBXBuildFile; fileRef = CECD37932D624F9900050FB6 /* NavigationCoordinator.swift */; };
		CECD37962D624FBE00050FB6 /* NavigationCoordinatorProtocol.swift in Sources */ = {isa = PBXBuildFile; fileRef = CECD37952D624FBE00050FB6 /* NavigationCoordinatorProtocol.swift */; };
		CECD37982D624FDA00050FB6 /* NavigationViewModel.swift in Sources */ = {isa = PBXBuildFile; fileRef = CECD37972D624FDA00050FB6 /* NavigationViewModel.swift */; };
		CECD379A2D624FEC00050FB6 /* NavigationViewModelProtocol.swift in Sources */ = {isa = PBXBuildFile; fileRef = CECD37992D624FEC00050FB6 /* NavigationViewModelProtocol.swift */; };
		CECD379C2D62502000050FB6 /* NavigationView.swift in Sources */ = {isa = PBXBuildFile; fileRef = CECD379B2D62502000050FB6 /* NavigationView.swift */; };
		CECD379E2D62502800050FB6 /* NavigationViewProtocol.swift in Sources */ = {isa = PBXBuildFile; fileRef = CECD379D2D62502800050FB6 /* NavigationViewProtocol.swift */; };
		CECD37A62D6250F300050FB6 /* NavigationBuilder.swift in Sources */ = {isa = PBXBuildFile; fileRef = CECD37A42D6250F300050FB6 /* NavigationBuilder.swift */; };
		CECD37A82D62510F00050FB6 /* NavigationBuilderProtocol.swift in Sources */ = {isa = PBXBuildFile; fileRef = CECD37A72D62510F00050FB6 /* NavigationBuilderProtocol.swift */; };
		CECD37AB2D6257CA00050FB6 /* SnapKit in Frameworks */ = {isa = PBXBuildFile; productRef = CECD37AA2D6257CA00050FB6 /* SnapKit */; };
		CECD37B12D625AAA00050FB6 /* SplashModels.swift in Sources */ = {isa = PBXBuildFile; fileRef = CECD37AF2D625AAA00050FB6 /* SplashModels.swift */; };
		CECD37B32D62648A00050FB6 /* SplashCoordinatorExitProtocol.swift in Sources */ = {isa = PBXBuildFile; fileRef = CECD37B22D62648A00050FB6 /* SplashCoordinatorExitProtocol.swift */; };
		CECD37B72D6268E200050FB6 /* URLSessionProtocol.swift in Sources */ = {isa = PBXBuildFile; fileRef = CECD37B62D6268E200050FB6 /* URLSessionProtocol.swift */; };
		CECD37B92D62690000050FB6 /* URLSessionExtension.swift in Sources */ = {isa = PBXBuildFile; fileRef = CECD37B82D62690000050FB6 /* URLSessionExtension.swift */; };
		CECD37BB2D626B0100050FB6 /* NavigationCoordinatorRouteProtocol.swift in Sources */ = {isa = PBXBuildFile; fileRef = CECD37BA2D626B0100050FB6 /* NavigationCoordinatorRouteProtocol.swift */; };
/* End PBXBuildFile section */

/* Begin PBXFileReference section */
		CE38068B2D6272CF00E0CBFE /* en */ = {isa = PBXFileReference; lastKnownFileType = text.plist.strings; name = en; path = en.lproj/InfoPlist.strings; sourceTree = "<group>"; };
		CE38068D2D6272E600E0CBFE /* ru */ = {isa = PBXFileReference; lastKnownFileType = text.plist.strings; name = ru; path = ru.lproj/InfoPlist.strings; sourceTree = "<group>"; };
		CECD36AB2D60DFCA00050FB6 /* Autodoc News.app */ = {isa = PBXFileReference; explicitFileType = wrapper.application; includeInIndex = 0; path = "Autodoc News.app"; sourceTree = BUILT_PRODUCTS_DIR; };
		CECD37062D62197C00050FB6 /* ViewController.swift */ = {isa = PBXFileReference; lastKnownFileType = sourcecode.swift; path = ViewController.swift; sourceTree = "<group>"; };
		CECD370A2D62197C00050FB6 /* Assets.xcassets */ = {isa = PBXFileReference; lastKnownFileType = folder.assetcatalog; path = Assets.xcassets; sourceTree = "<group>"; };
		CECD370D2D62197C00050FB6 /* Info.plist */ = {isa = PBXFileReference; lastKnownFileType = text.plist.xml; path = Info.plist; sourceTree = "<group>"; };
		CECD371A2D621AE200050FB6 /* Injector.swift */ = {isa = PBXFileReference; lastKnownFileType = sourcecode.swift; path = Injector.swift; sourceTree = "<group>"; };
		CECD371F2D621D7000050FB6 /* InjectorProtocol.swift */ = {isa = PBXFileReference; lastKnownFileType = sourcecode.swift; path = InjectorProtocol.swift; sourceTree = "<group>"; };
		CECD37282D621DEF00050FB6 /* Builder.swift */ = {isa = PBXFileReference; lastKnownFileType = sourcecode.swift; path = Builder.swift; sourceTree = "<group>"; };
		CECD372D2D621EC400050FB6 /* Storage.swift */ = {isa = PBXFileReference; lastKnownFileType = sourcecode.swift; path = Storage.swift; sourceTree = "<group>"; };
		CECD372F2D621EF100050FB6 /* StorageProtocol.swift */ = {isa = PBXFileReference; lastKnownFileType = sourcecode.swift; path = StorageProtocol.swift; sourceTree = "<group>"; };
		CECD37372D62216C00050FB6 /* FileManagerProtocol.swift */ = {isa = PBXFileReference; lastKnownFileType = sourcecode.swift; path = FileManagerProtocol.swift; sourceTree = "<group>"; };
		CECD373E2D62234700050FB6 /* FileManagerExtension.swift */ = {isa = PBXFileReference; lastKnownFileType = sourcecode.swift; path = FileManagerExtension.swift; sourceTree = "<group>"; };
		CECD37432D62244300050FB6 /* Base */ = {isa = PBXFileReference; lastKnownFileType = file.storyboard; name = Base; path = Base.lproj/LaunchScreen.storyboard; sourceTree = "<group>"; };
		CECD37472D62244300050FB6 /* AppDelegate.swift */ = {isa = PBXFileReference; lastKnownFileType = sourcecode.swift; path = AppDelegate.swift; sourceTree = "<group>"; };
		CECD374E2D62266700050FB6 /* LoggerExtension.swift */ = {isa = PBXFileReference; lastKnownFileType = sourcecode.swift; path = LoggerExtension.swift; sourceTree = "<group>"; };
		CECD37512D62267800050FB6 /* NSObjectExtension.swift */ = {isa = PBXFileReference; lastKnownFileType = sourcecode.swift; path = NSObjectExtension.swift; sourceTree = "<group>"; };
		CECD37532D62271000050FB6 /* LoggerProtocol.swift */ = {isa = PBXFileReference; lastKnownFileType = sourcecode.swift; path = LoggerProtocol.swift; sourceTree = "<group>"; };
		CECD37582D6227CA00050FB6 /* LoggerProtocolExtension.swift */ = {isa = PBXFileReference; lastKnownFileType = sourcecode.swift; path = LoggerProtocolExtension.swift; sourceTree = "<group>"; };
		CECD375B2D622A2B00050FB6 /* DateExtension.swift */ = {isa = PBXFileReference; lastKnownFileType = sourcecode.swift; path = DateExtension.swift; sourceTree = "<group>"; };
		CECD37602D622BF500050FB6 /* AppCoordinator.swift */ = {isa = PBXFileReference; lastKnownFileType = sourcecode.swift; path = AppCoordinator.swift; sourceTree = "<group>"; };
		CECD37632D622C0C00050FB6 /* AppCoordinatorProtocol.swift */ = {isa = PBXFileReference; lastKnownFileType = sourcecode.swift; path = AppCoordinatorProtocol.swift; sourceTree = "<group>"; };
		CECD37672D622C4E00050FB6 /* AppBuilder.swift */ = {isa = PBXFileReference; lastKnownFileType = sourcecode.swift; path = AppBuilder.swift; sourceTree = "<group>"; };
		CECD37692D622C5400050FB6 /* AppBuilderProtocol.swift */ = {isa = PBXFileReference; lastKnownFileType = sourcecode.swift; path = AppBuilderProtocol.swift; sourceTree = "<group>"; };
		CECD37732D62426D00050FB6 /* SplashCoordinator.swift */ = {isa = PBXFileReference; lastKnownFileType = sourcecode.swift; path = SplashCoordinator.swift; sourceTree = "<group>"; };
		CECD37752D62427C00050FB6 /* SplashCoordinatorProtocol.swift */ = {isa = PBXFileReference; lastKnownFileType = sourcecode.swift; path = SplashCoordinatorProtocol.swift; sourceTree = "<group>"; };
		CECD377B2D62445A00050FB6 /* SplashBuilder.swift */ = {isa = PBXFileReference; lastKnownFileType = sourcecode.swift; path = SplashBuilder.swift; sourceTree = "<group>"; };
		CECD377D2D62447300050FB6 /* SplashBuilderProtocol.swift */ = {isa = PBXFileReference; lastKnownFileType = sourcecode.swift; path = SplashBuilderProtocol.swift; sourceTree = "<group>"; };
		CECD37812D624CF100050FB6 /* SplashViewController.swift */ = {isa = PBXFileReference; lastKnownFileType = sourcecode.swift; path = SplashViewController.swift; sourceTree = "<group>"; };
		CECD37852D624D1D00050FB6 /* SplashViewModel.swift */ = {isa = PBXFileReference; lastKnownFileType = sourcecode.swift; path = SplashViewModel.swift; sourceTree = "<group>"; };
		CECD37872D624D2900050FB6 /* SplashViewModelProtocol.swift */ = {isa = PBXFileReference; lastKnownFileType = sourcecode.swift; path = SplashViewModelProtocol.swift; sourceTree = "<group>"; };
		CECD378E2D624D5400050FB6 /* SplashView.swift */ = {isa = PBXFileReference; lastKnownFileType = sourcecode.swift; path = SplashView.swift; sourceTree = "<group>"; };
		CECD37912D624D6000050FB6 /* SplashViewProtocol.swift */ = {isa = PBXFileReference; lastKnownFileType = sourcecode.swift; path = SplashViewProtocol.swift; sourceTree = "<group>"; };
		CECD37932D624F9900050FB6 /* NavigationCoordinator.swift */ = {isa = PBXFileReference; lastKnownFileType = sourcecode.swift; path = NavigationCoordinator.swift; sourceTree = "<group>"; };
		CECD37952D624FBE00050FB6 /* NavigationCoordinatorProtocol.swift */ = {isa = PBXFileReference; lastKnownFileType = sourcecode.swift; path = NavigationCoordinatorProtocol.swift; sourceTree = "<group>"; };
		CECD37972D624FDA00050FB6 /* NavigationViewModel.swift */ = {isa = PBXFileReference; lastKnownFileType = sourcecode.swift; path = NavigationViewModel.swift; sourceTree = "<group>"; };
		CECD37992D624FEC00050FB6 /* NavigationViewModelProtocol.swift */ = {isa = PBXFileReference; lastKnownFileType = sourcecode.swift; path = NavigationViewModelProtocol.swift; sourceTree = "<group>"; };
		CECD379B2D62502000050FB6 /* NavigationView.swift */ = {isa = PBXFileReference; lastKnownFileType = sourcecode.swift; path = NavigationView.swift; sourceTree = "<group>"; };
		CECD379D2D62502800050FB6 /* NavigationViewProtocol.swift */ = {isa = PBXFileReference; lastKnownFileType = sourcecode.swift; path = NavigationViewProtocol.swift; sourceTree = "<group>"; };
		CECD37A42D6250F300050FB6 /* NavigationBuilder.swift */ = {isa = PBXFileReference; lastKnownFileType = sourcecode.swift; path = NavigationBuilder.swift; sourceTree = "<group>"; };
		CECD37A72D62510F00050FB6 /* NavigationBuilderProtocol.swift */ = {isa = PBXFileReference; lastKnownFileType = sourcecode.swift; path = NavigationBuilderProtocol.swift; sourceTree = "<group>"; };
		CECD37AF2D625AAA00050FB6 /* SplashModels.swift */ = {isa = PBXFileReference; lastKnownFileType = sourcecode.swift; path = SplashModels.swift; sourceTree = "<group>"; };
		CECD37B22D62648A00050FB6 /* SplashCoordinatorExitProtocol.swift */ = {isa = PBXFileReference; lastKnownFileType = sourcecode.swift; path = SplashCoordinatorExitProtocol.swift; sourceTree = "<group>"; };
		CECD37B62D6268E200050FB6 /* URLSessionProtocol.swift */ = {isa = PBXFileReference; lastKnownFileType = sourcecode.swift; path = URLSessionProtocol.swift; sourceTree = "<group>"; };
		CECD37B82D62690000050FB6 /* URLSessionExtension.swift */ = {isa = PBXFileReference; lastKnownFileType = sourcecode.swift; path = URLSessionExtension.swift; sourceTree = "<group>"; };
		CECD37BA2D626B0100050FB6 /* NavigationCoordinatorRouteProtocol.swift */ = {isa = PBXFileReference; lastKnownFileType = sourcecode.swift; path = NavigationCoordinatorRouteProtocol.swift; sourceTree = "<group>"; };
/* End PBXFileReference section */

/* Begin PBXFrameworksBuildPhase section */
		CECD36A82D60DFCA00050FB6 /* Frameworks */ = {
			isa = PBXFrameworksBuildPhase;
			buildActionMask = 2147483647;
			files = (
				CECD37AB2D6257CA00050FB6 /* SnapKit in Frameworks */,
			);
			runOnlyForDeploymentPostprocessing = 0;
		};
/* End PBXFrameworksBuildPhase section */

/* Begin PBXGroup section */
		CECD36A22D60DFCA00050FB6 = {
			isa = PBXGroup;
			children = (
				CECD370E2D62197C00050FB6 /* Autodoc News */,
				CECD36AC2D60DFCA00050FB6 /* Products */,
			);
			sourceTree = "<group>";
		};
		CECD36AC2D60DFCA00050FB6 /* Products */ = {
			isa = PBXGroup;
			children = (
				CECD36AB2D60DFCA00050FB6 /* Autodoc News.app */,
			);
			name = Products;
			sourceTree = "<group>";
		};
		CECD37032D62197C00050FB6 /* Application */ = {
			isa = PBXGroup;
			children = (
				CECD37452D62244300050FB6 /* Apperance */,
				CECD37482D62244300050FB6 /* Delegate */,
				CECD37662D622C4600050FB6 /* Builder */,
				CECD37612D622BF500050FB6 /* Coordinator */,
			);
			path = Application;
			sourceTree = "<group>";
		};
		CECD37042D62197C00050FB6 /* Coordinator */ = {
			isa = PBXGroup;
			children = (
				CECD37932D624F9900050FB6 /* NavigationCoordinator.swift */,
				CECD37952D624FBE00050FB6 /* NavigationCoordinatorProtocol.swift */,
				CECD37BA2D626B0100050FB6 /* NavigationCoordinatorRouteProtocol.swift */,
			);
			path = Coordinator;
			sourceTree = "<group>";
		};
		CECD37052D62197C00050FB6 /* View */ = {
			isa = PBXGroup;
			children = (
				CECD379B2D62502000050FB6 /* NavigationView.swift */,
				CECD379D2D62502800050FB6 /* NavigationViewProtocol.swift */,
			);
			path = View;
			sourceTree = "<group>";
		};
		CECD37072D62197C00050FB6 /* ViewController */ = {
			isa = PBXGroup;
			children = (
				CECD37062D62197C00050FB6 /* ViewController.swift */,
			);
			path = ViewController;
			sourceTree = "<group>";
		};
		CECD37082D62197C00050FB6 /* ViewModel */ = {
			isa = PBXGroup;
			children = (
				CECD37972D624FDA00050FB6 /* NavigationViewModel.swift */,
				CECD37992D624FEC00050FB6 /* NavigationViewModelProtocol.swift */,
			);
			path = ViewModel;
			sourceTree = "<group>";
		};
		CECD37092D62197C00050FB6 /* Navigation */ = {
			isa = PBXGroup;
			children = (
				CECD37A52D6250F300050FB6 /* Builder */,
				CECD37042D62197C00050FB6 /* Coordinator */,
				CECD37082D62197C00050FB6 /* ViewModel */,
				CECD37072D62197C00050FB6 /* ViewController */,
				CECD37052D62197C00050FB6 /* View */,
			);
			path = Navigation;
			sourceTree = "<group>";
		};
		CECD370B2D62197C00050FB6 /* Resources */ = {
			isa = PBXGroup;
			children = (
				CECD370A2D62197C00050FB6 /* Assets.xcassets */,
				CECD37782D62430000050FB6 /* Localization */,
			);
			path = Resources;
			sourceTree = "<group>";
		};
		CECD370C2D62197C00050FB6 /* Services */ = {
			isa = PBXGroup;
			children = (
				CECD37292D621DEF00050FB6 /* Builder */,
				CECD371B2D621AE200050FB6 /* Injector */,
				CECD372C2D621EB000050FB6 /* Storage */,
				CECD37382D62216C00050FB6 /* Protocols */,
			);
			path = Services;
			sourceTree = "<group>";
		};
		CECD370E2D62197C00050FB6 /* Autodoc News */ = {
			isa = PBXGroup;
			children = (
				CECD370D2D62197C00050FB6 /* Info.plist */,
				CECD37032D62197C00050FB6 /* Application */,
				CECD376C2D62383200050FB6 /* Modules */,
				CECD370C2D62197C00050FB6 /* Services */,
				CECD371E2D621D1800050FB6 /* Extensions */,
				CECD370B2D62197C00050FB6 /* Resources */,
			);
			path = "Autodoc News";
			sourceTree = "<group>";
		};
		CECD371B2D621AE200050FB6 /* Injector */ = {
			isa = PBXGroup;
			children = (
				CECD371A2D621AE200050FB6 /* Injector.swift */,
				CECD371F2D621D7000050FB6 /* InjectorProtocol.swift */,
			);
			path = Injector;
			sourceTree = "<group>";
		};
		CECD371E2D621D1800050FB6 /* Extensions */ = {
			isa = PBXGroup;
			children = (
				CECD373F2D62234700050FB6 /* Classes */,
				CECD374F2D62266700050FB6 /* Structures */,
				CECD37592D6227CA00050FB6 /* Protocols */,
			);
			path = Extensions;
			sourceTree = "<group>";
		};
		CECD37292D621DEF00050FB6 /* Builder */ = {
			isa = PBXGroup;
			children = (
				CECD37282D621DEF00050FB6 /* Builder.swift */,
			);
			path = Builder;
			sourceTree = "<group>";
		};
		CECD372C2D621EB000050FB6 /* Storage */ = {
			isa = PBXGroup;
			children = (
				CECD372D2D621EC400050FB6 /* Storage.swift */,
				CECD372F2D621EF100050FB6 /* StorageProtocol.swift */,
			);
			path = Storage;
			sourceTree = "<group>";
		};
		CECD37382D62216C00050FB6 /* Protocols */ = {
			isa = PBXGroup;
			children = (
				CECD37372D62216C00050FB6 /* FileManagerProtocol.swift */,
				CECD37532D62271000050FB6 /* LoggerProtocol.swift */,
				CECD37B62D6268E200050FB6 /* URLSessionProtocol.swift */,
			);
			path = Protocols;
			sourceTree = "<group>";
		};
		CECD373F2D62234700050FB6 /* Classes */ = {
			isa = PBXGroup;
			children = (
				CECD373E2D62234700050FB6 /* FileManagerExtension.swift */,
				CECD37512D62267800050FB6 /* NSObjectExtension.swift */,
				CECD37B82D62690000050FB6 /* URLSessionExtension.swift */,
			);
			path = Classes;
			sourceTree = "<group>";
		};
		CECD37452D62244300050FB6 /* Apperance */ = {
			isa = PBXGroup;
			children = (
				CECD37442D62244300050FB6 /* LaunchScreen.storyboard */,
			);
			path = Apperance;
			sourceTree = "<group>";
		};
		CECD37482D62244300050FB6 /* Delegate */ = {
			isa = PBXGroup;
			children = (
				CECD37472D62244300050FB6 /* AppDelegate.swift */,
			);
			path = Delegate;
			sourceTree = "<group>";
		};
		CECD374F2D62266700050FB6 /* Structures */ = {
			isa = PBXGroup;
			children = (
				CECD375B2D622A2B00050FB6 /* DateExtension.swift */,
				CECD374E2D62266700050FB6 /* LoggerExtension.swift */,
			);
			path = Structures;
			sourceTree = "<group>";
		};
		CECD37592D6227CA00050FB6 /* Protocols */ = {
			isa = PBXGroup;
			children = (
				CECD37582D6227CA00050FB6 /* LoggerProtocolExtension.swift */,
			);
			path = Protocols;
			sourceTree = "<group>";
		};
		CECD37612D622BF500050FB6 /* Coordinator */ = {
			isa = PBXGroup;
			children = (
				CECD37602D622BF500050FB6 /* AppCoordinator.swift */,
				CECD37632D622C0C00050FB6 /* AppCoordinatorProtocol.swift */,
			);
			path = Coordinator;
			sourceTree = "<group>";
		};
		CECD37662D622C4600050FB6 /* Builder */ = {
			isa = PBXGroup;
			children = (
				CECD37672D622C4E00050FB6 /* AppBuilder.swift */,
				CECD37692D622C5400050FB6 /* AppBuilderProtocol.swift */,
			);
			path = Builder;
			sourceTree = "<group>";
		};
		CECD376C2D62383200050FB6 /* Modules */ = {
			isa = PBXGroup;
			children = (
				CECD376E2D62387C00050FB6 /* Splash */,
				CECD37092D62197C00050FB6 /* Navigation */,
			);
			path = Modules;
			sourceTree = "<group>";
		};
		CECD376E2D62387C00050FB6 /* Splash */ = {
			isa = PBXGroup;
			children = (
				CECD37722D62420F00050FB6 /* Builder */,
				CECD37712D62420F00050FB6 /* Coordinator */,
				CECD37842D624D1400050FB6 /* ViewModel */,
				CECD37802D624CDC00050FB6 /* ViewController */,
				CECD378F2D624D5400050FB6 /* View */,
			);
			path = Splash;
			sourceTree = "<group>";
		};
		CECD37712D62420F00050FB6 /* Coordinator */ = {
			isa = PBXGroup;
			children = (
				CECD37732D62426D00050FB6 /* SplashCoordinator.swift */,
				CECD37752D62427C00050FB6 /* SplashCoordinatorProtocol.swift */,
				CECD37B22D62648A00050FB6 /* SplashCoordinatorExitProtocol.swift */,
			);
			path = Coordinator;
			sourceTree = "<group>";
		};
		CECD37722D62420F00050FB6 /* Builder */ = {
			isa = PBXGroup;
			children = (
				CECD377B2D62445A00050FB6 /* SplashBuilder.swift */,
				CECD377D2D62447300050FB6 /* SplashBuilderProtocol.swift */,
			);
			path = Builder;
			sourceTree = "<group>";
		};
		CECD37782D62430000050FB6 /* Localization */ = {
			isa = PBXGroup;
			children = (
				CE38068A2D6272CF00E0CBFE /* InfoPlist.strings */,
			);
			path = Localization;
			sourceTree = "<group>";
		};
		CECD37802D624CDC00050FB6 /* ViewController */ = {
			isa = PBXGroup;
			children = (
				CECD37812D624CF100050FB6 /* SplashViewController.swift */,
			);
			path = ViewController;
			sourceTree = "<group>";
		};
		CECD37842D624D1400050FB6 /* ViewModel */ = {
			isa = PBXGroup;
			children = (
				CECD37852D624D1D00050FB6 /* SplashViewModel.swift */,
				CECD37872D624D2900050FB6 /* SplashViewModelProtocol.swift */,
				CECD37B02D625AAA00050FB6 /* Models */,
			);
			path = ViewModel;
			sourceTree = "<group>";
		};
		CECD378F2D624D5400050FB6 /* View */ = {
			isa = PBXGroup;
			children = (
				CECD378E2D624D5400050FB6 /* SplashView.swift */,
				CECD37912D624D6000050FB6 /* SplashViewProtocol.swift */,
			);
			path = View;
			sourceTree = "<group>";
		};
		CECD37A52D6250F300050FB6 /* Builder */ = {
			isa = PBXGroup;
			children = (
				CECD37A42D6250F300050FB6 /* NavigationBuilder.swift */,
				CECD37A72D62510F00050FB6 /* NavigationBuilderProtocol.swift */,
			);
			path = Builder;
			sourceTree = "<group>";
		};
		CECD37B02D625AAA00050FB6 /* Models */ = {
			isa = PBXGroup;
			children = (
				CECD37AF2D625AAA00050FB6 /* SplashModels.swift */,
			);
			path = Models;
			sourceTree = "<group>";
		};
/* End PBXGroup section */

/* Begin PBXNativeTarget section */
		CECD36AA2D60DFCA00050FB6 /* Autodoc News */ = {
			isa = PBXNativeTarget;
			buildConfigurationList = CECD36D72D60DFCC00050FB6 /* Build configuration list for PBXNativeTarget "Autodoc News" */;
			buildPhases = (
				CECD36A72D60DFCA00050FB6 /* Sources */,
				CECD36A82D60DFCA00050FB6 /* Frameworks */,
				CECD36A92D60DFCA00050FB6 /* Resources */,
			);
			buildRules = (
			);
			dependencies = (
			);
			name = "Autodoc News";
			packageProductDependencies = (
				CECD37AA2D6257CA00050FB6 /* SnapKit */,
			);
			productName = "Autodoc News";
			productReference = CECD36AB2D60DFCA00050FB6 /* Autodoc News.app */;
			productType = "com.apple.product-type.application";
		};
/* End PBXNativeTarget section */

/* Begin PBXProject section */
		CECD36A32D60DFCA00050FB6 /* Project object */ = {
			isa = PBXProject;
			attributes = {
				BuildIndependentTargetsInParallel = 1;
				LastSwiftUpdateCheck = 1620;
				LastUpgradeCheck = 1620;
				TargetAttributes = {
					CECD36AA2D60DFCA00050FB6 = {
						CreatedOnToolsVersion = 16.2;
					};
				};
			};
			buildConfigurationList = CECD36A62D60DFCA00050FB6 /* Build configuration list for PBXProject "Autodoc News" */;
			developmentRegion = en;
			hasScannedForEncodings = 0;
			knownRegions = (
				en,
				Base,
				ru,
			);
			mainGroup = CECD36A22D60DFCA00050FB6;
			minimizedProjectReferenceProxies = 1;
			packageReferences = (
				CECD37A92D6257CA00050FB6 /* XCRemoteSwiftPackageReference "SnapKit" */,
			);
			preferredProjectObjectVersion = 77;
			productRefGroup = CECD36AC2D60DFCA00050FB6 /* Products */;
			projectDirPath = "";
			projectRoot = "";
			targets = (
				CECD36AA2D60DFCA00050FB6 /* Autodoc News */,
			);
		};
/* End PBXProject section */

/* Begin PBXResourcesBuildPhase section */
		CECD36A92D60DFCA00050FB6 /* Resources */ = {
			isa = PBXResourcesBuildPhase;
			buildActionMask = 2147483647;
			files = (
				CECD37102D62197C00050FB6 /* Assets.xcassets in Resources */,
				CE38068C2D6272CF00E0CBFE /* InfoPlist.strings in Resources */,
				CECD37462D62244300050FB6 /* LaunchScreen.storyboard in Resources */,
			);
			runOnlyForDeploymentPostprocessing = 0;
		};
/* End PBXResourcesBuildPhase section */

/* Begin PBXSourcesBuildPhase section */
		CECD36A72D60DFCA00050FB6 /* Sources */ = {
			isa = PBXSourcesBuildPhase;
			buildActionMask = 2147483647;
			files = (
				CECD37882D624D2900050FB6 /* SplashViewModelProtocol.swift in Sources */,
				CECD37402D62234700050FB6 /* FileManagerExtension.swift in Sources */,
				CECD376A2D622C5400050FB6 /* AppBuilderProtocol.swift in Sources */,
				CECD375C2D622A2B00050FB6 /* DateExtension.swift in Sources */,
				CECD37502D62266700050FB6 /* LoggerExtension.swift in Sources */,
				CECD37392D62216C00050FB6 /* FileManagerProtocol.swift in Sources */,
				CECD37982D624FDA00050FB6 /* NavigationViewModel.swift in Sources */,
				CECD37822D624CF100050FB6 /* SplashViewController.swift in Sources */,
				CECD37BB2D626B0100050FB6 /* NavigationCoordinatorRouteProtocol.swift in Sources */,
				CECD37922D624D6000050FB6 /* SplashViewProtocol.swift in Sources */,
				CECD377C2D62445A00050FB6 /* SplashBuilder.swift in Sources */,
				CECD37942D624F9900050FB6 /* NavigationCoordinator.swift in Sources */,
				CECD37742D62426D00050FB6 /* SplashCoordinator.swift in Sources */,
				CECD37B72D6268E200050FB6 /* URLSessionProtocol.swift in Sources */,
				CECD37522D62267800050FB6 /* NSObjectExtension.swift in Sources */,
				CECD379E2D62502800050FB6 /* NavigationViewProtocol.swift in Sources */,
				CECD377E2D62447300050FB6 /* SplashBuilderProtocol.swift in Sources */,
				CECD37762D62427C00050FB6 /* SplashCoordinatorProtocol.swift in Sources */,
				CECD37202D621D7000050FB6 /* InjectorProtocol.swift in Sources */,
				CECD37492D62244300050FB6 /* AppDelegate.swift in Sources */,
				CECD37682D622C4E00050FB6 /* AppBuilder.swift in Sources */,
				CECD371C2D621AE200050FB6 /* Injector.swift in Sources */,
				CECD37B92D62690000050FB6 /* URLSessionExtension.swift in Sources */,
				CECD37B32D62648A00050FB6 /* SplashCoordinatorExitProtocol.swift in Sources */,
				CECD37862D624D1D00050FB6 /* SplashViewModel.swift in Sources */,
				CECD37A62D6250F300050FB6 /* NavigationBuilder.swift in Sources */,
				CECD37302D621EF100050FB6 /* StorageProtocol.swift in Sources */,
				CECD37962D624FBE00050FB6 /* NavigationCoordinatorProtocol.swift in Sources */,
				CECD37B12D625AAA00050FB6 /* SplashModels.swift in Sources */,
				CECD372E2D621EC400050FB6 /* Storage.swift in Sources */,
				CECD37542D62271000050FB6 /* LoggerProtocol.swift in Sources */,
				CECD375A2D6227CA00050FB6 /* LoggerProtocolExtension.swift in Sources */,
				CECD379A2D624FEC00050FB6 /* NavigationViewModelProtocol.swift in Sources */,
				CECD379C2D62502000050FB6 /* NavigationView.swift in Sources */,
				CECD37902D624D5400050FB6 /* SplashView.swift in Sources */,
				CECD37622D622BF500050FB6 /* AppCoordinator.swift in Sources */,
				CECD37132D62197C00050FB6 /* ViewController.swift in Sources */,
				CECD37642D622C0C00050FB6 /* AppCoordinatorProtocol.swift in Sources */,
				CECD372A2D621DEF00050FB6 /* Builder.swift in Sources */,
				CECD37A82D62510F00050FB6 /* NavigationBuilderProtocol.swift in Sources */,
			);
			runOnlyForDeploymentPostprocessing = 0;
		};
/* End PBXSourcesBuildPhase section */

/* Begin PBXVariantGroup section */
		CE38068A2D6272CF00E0CBFE /* InfoPlist.strings */ = {
			isa = PBXVariantGroup;
			children = (
				CE38068B2D6272CF00E0CBFE /* en */,
				CE38068D2D6272E600E0CBFE /* ru */,
			);
			name = InfoPlist.strings;
			sourceTree = "<group>";
		};
		CECD37442D62244300050FB6 /* LaunchScreen.storyboard */ = {
			isa = PBXVariantGroup;
			children = (
				CECD37432D62244300050FB6 /* Base */,
			);
			name = LaunchScreen.storyboard;
			sourceTree = "<group>";
		};
/* End PBXVariantGroup section */

/* Begin XCBuildConfiguration section */
		CECD36D82D60DFCC00050FB6 /* Debug */ = {
			isa = XCBuildConfiguration;
			buildSettings = {
				ASSETCATALOG_COMPILER_APPICON_NAME = AppIcon;
				ASSETCATALOG_COMPILER_GLOBAL_ACCENT_COLOR_NAME = AccentColor;
				CODE_SIGN_STYLE = Automatic;
				CURRENT_PROJECT_VERSION = 1;
				DEVELOPMENT_TEAM = M2AV5R5DQ2;
				GENERATE_INFOPLIST_FILE = YES;
				INFOPLIST_FILE = "Autodoc News/Info.plist";
				INFOPLIST_KEY_UIApplicationSupportsIndirectInputEvents = YES;
				INFOPLIST_KEY_UILaunchStoryboardName = LaunchScreen;
				INFOPLIST_KEY_UISupportedInterfaceOrientations = UIInterfaceOrientationPortrait;
				INFOPLIST_KEY_UISupportedInterfaceOrientations_iPad = "UIInterfaceOrientationLandscapeLeft UIInterfaceOrientationLandscapeRight UIInterfaceOrientationPortrait UIInterfaceOrientationPortraitUpsideDown";
				IPHONEOS_DEPLOYMENT_TARGET = 16.6;
				LD_RUNPATH_SEARCH_PATHS = (
					"$(inherited)",
					"@executable_path/Frameworks",
				);
				MARKETING_VERSION = 1.0;
				PRODUCT_BUNDLE_IDENTIFIER = com.autodoc.news;
				PRODUCT_NAME = "$(TARGET_NAME)";
				SUPPORTED_PLATFORMS = "iphoneos iphonesimulator";
				SUPPORTS_MACCATALYST = NO;
				SUPPORTS_MAC_DESIGNED_FOR_IPHONE_IPAD = NO;
				SUPPORTS_XR_DESIGNED_FOR_IPHONE_IPAD = NO;
				SWIFT_EMIT_LOC_STRINGS = YES;
				SWIFT_VERSION = 5.0;
				TARGETED_DEVICE_FAMILY = 1;
			};
			name = Debug;
		};
		CECD36D92D60DFCC00050FB6 /* Release */ = {
			isa = XCBuildConfiguration;
			buildSettings = {
				ASSETCATALOG_COMPILER_APPICON_NAME = AppIcon;
				ASSETCATALOG_COMPILER_GLOBAL_ACCENT_COLOR_NAME = AccentColor;
				CODE_SIGN_STYLE = Automatic;
				CURRENT_PROJECT_VERSION = 1;
				DEVELOPMENT_TEAM = M2AV5R5DQ2;
				GENERATE_INFOPLIST_FILE = YES;
				INFOPLIST_FILE = "Autodoc News/Info.plist";
				INFOPLIST_KEY_UIApplicationSupportsIndirectInputEvents = YES;
				INFOPLIST_KEY_UILaunchStoryboardName = LaunchScreen;
				INFOPLIST_KEY_UISupportedInterfaceOrientations = UIInterfaceOrientationPortrait;
				INFOPLIST_KEY_UISupportedInterfaceOrientations_iPad = "UIInterfaceOrientationLandscapeLeft UIInterfaceOrientationLandscapeRight UIInterfaceOrientationPortrait UIInterfaceOrientationPortraitUpsideDown";
				IPHONEOS_DEPLOYMENT_TARGET = 16.6;
				LD_RUNPATH_SEARCH_PATHS = (
					"$(inherited)",
					"@executable_path/Frameworks",
				);
				MARKETING_VERSION = 1.0;
				PRODUCT_BUNDLE_IDENTIFIER = com.autodoc.news;
				PRODUCT_NAME = "$(TARGET_NAME)";
				SUPPORTED_PLATFORMS = "iphoneos iphonesimulator";
				SUPPORTS_MACCATALYST = NO;
				SUPPORTS_MAC_DESIGNED_FOR_IPHONE_IPAD = NO;
				SUPPORTS_XR_DESIGNED_FOR_IPHONE_IPAD = NO;
				SWIFT_EMIT_LOC_STRINGS = YES;
				SWIFT_VERSION = 5.0;
				TARGETED_DEVICE_FAMILY = 1;
			};
			name = Release;
		};
		CECD36DA2D60DFCC00050FB6 /* Debug */ = {
			isa = XCBuildConfiguration;
			buildSettings = {
				ALWAYS_SEARCH_USER_PATHS = NO;
				ASSETCATALOG_COMPILER_GENERATE_SWIFT_ASSET_SYMBOL_EXTENSIONS = YES;
				CLANG_ANALYZER_LOCALIZABILITY_NONLOCALIZED = YES;
				CLANG_ANALYZER_NONNULL = YES;
				CLANG_ANALYZER_NUMBER_OBJECT_CONVERSION = YES_AGGRESSIVE;
				CLANG_CXX_LANGUAGE_STANDARD = "gnu++20";
				CLANG_ENABLE_MODULES = YES;
				CLANG_ENABLE_OBJC_ARC = YES;
				CLANG_ENABLE_OBJC_WEAK = YES;
				CLANG_WARN_BLOCK_CAPTURE_AUTORELEASING = YES;
				CLANG_WARN_BOOL_CONVERSION = YES;
				CLANG_WARN_COMMA = YES;
				CLANG_WARN_CONSTANT_CONVERSION = YES;
				CLANG_WARN_DEPRECATED_OBJC_IMPLEMENTATIONS = YES;
				CLANG_WARN_DIRECT_OBJC_ISA_USAGE = YES_ERROR;
				CLANG_WARN_DOCUMENTATION_COMMENTS = YES;
				CLANG_WARN_EMPTY_BODY = YES;
				CLANG_WARN_ENUM_CONVERSION = YES;
				CLANG_WARN_INFINITE_RECURSION = YES;
				CLANG_WARN_INT_CONVERSION = YES;
				CLANG_WARN_NON_LITERAL_NULL_CONVERSION = YES;
				CLANG_WARN_OBJC_IMPLICIT_RETAIN_SELF = YES;
				CLANG_WARN_OBJC_LITERAL_CONVERSION = YES;
				CLANG_WARN_OBJC_ROOT_CLASS = YES_ERROR;
				CLANG_WARN_QUOTED_INCLUDE_IN_FRAMEWORK_HEADER = YES;
				CLANG_WARN_RANGE_LOOP_ANALYSIS = YES;
				CLANG_WARN_STRICT_PROTOTYPES = YES;
				CLANG_WARN_SUSPICIOUS_MOVE = YES;
				CLANG_WARN_UNGUARDED_AVAILABILITY = YES_AGGRESSIVE;
				CLANG_WARN_UNREACHABLE_CODE = YES;
				CLANG_WARN__DUPLICATE_METHOD_MATCH = YES;
				COPY_PHASE_STRIP = NO;
				DEBUG_INFORMATION_FORMAT = dwarf;
				ENABLE_STRICT_OBJC_MSGSEND = YES;
				ENABLE_TESTABILITY = YES;
				ENABLE_USER_SCRIPT_SANDBOXING = YES;
				GCC_C_LANGUAGE_STANDARD = gnu17;
				GCC_DYNAMIC_NO_PIC = NO;
				GCC_NO_COMMON_BLOCKS = YES;
				GCC_OPTIMIZATION_LEVEL = 0;
				GCC_PREPROCESSOR_DEFINITIONS = (
					"DEBUG=1",
					"$(inherited)",
				);
				GCC_WARN_64_TO_32_BIT_CONVERSION = YES;
				GCC_WARN_ABOUT_RETURN_TYPE = YES_ERROR;
				GCC_WARN_UNDECLARED_SELECTOR = YES;
				GCC_WARN_UNINITIALIZED_AUTOS = YES_AGGRESSIVE;
				GCC_WARN_UNUSED_FUNCTION = YES;
				GCC_WARN_UNUSED_VARIABLE = YES;
				IPHONEOS_DEPLOYMENT_TARGET = 18.2;
				LOCALIZATION_PREFERS_STRING_CATALOGS = YES;
				MTL_ENABLE_DEBUG_INFO = INCLUDE_SOURCE;
				MTL_FAST_MATH = YES;
				ONLY_ACTIVE_ARCH = YES;
				SDKROOT = iphoneos;
				SWIFT_ACTIVE_COMPILATION_CONDITIONS = "DEBUG $(inherited)";
				SWIFT_OPTIMIZATION_LEVEL = "-Onone";
			};
			name = Debug;
		};
		CECD36DB2D60DFCC00050FB6 /* Release */ = {
			isa = XCBuildConfiguration;
			buildSettings = {
				ALWAYS_SEARCH_USER_PATHS = NO;
				ASSETCATALOG_COMPILER_GENERATE_SWIFT_ASSET_SYMBOL_EXTENSIONS = YES;
				CLANG_ANALYZER_LOCALIZABILITY_NONLOCALIZED = YES;
				CLANG_ANALYZER_NONNULL = YES;
				CLANG_ANALYZER_NUMBER_OBJECT_CONVERSION = YES_AGGRESSIVE;
				CLANG_CXX_LANGUAGE_STANDARD = "gnu++20";
				CLANG_ENABLE_MODULES = YES;
				CLANG_ENABLE_OBJC_ARC = YES;
				CLANG_ENABLE_OBJC_WEAK = YES;
				CLANG_WARN_BLOCK_CAPTURE_AUTORELEASING = YES;
				CLANG_WARN_BOOL_CONVERSION = YES;
				CLANG_WARN_COMMA = YES;
				CLANG_WARN_CONSTANT_CONVERSION = YES;
				CLANG_WARN_DEPRECATED_OBJC_IMPLEMENTATIONS = YES;
				CLANG_WARN_DIRECT_OBJC_ISA_USAGE = YES_ERROR;
				CLANG_WARN_DOCUMENTATION_COMMENTS = YES;
				CLANG_WARN_EMPTY_BODY = YES;
				CLANG_WARN_ENUM_CONVERSION = YES;
				CLANG_WARN_INFINITE_RECURSION = YES;
				CLANG_WARN_INT_CONVERSION = YES;
				CLANG_WARN_NON_LITERAL_NULL_CONVERSION = YES;
				CLANG_WARN_OBJC_IMPLICIT_RETAIN_SELF = YES;
				CLANG_WARN_OBJC_LITERAL_CONVERSION = YES;
				CLANG_WARN_OBJC_ROOT_CLASS = YES_ERROR;
				CLANG_WARN_QUOTED_INCLUDE_IN_FRAMEWORK_HEADER = YES;
				CLANG_WARN_RANGE_LOOP_ANALYSIS = YES;
				CLANG_WARN_STRICT_PROTOTYPES = YES;
				CLANG_WARN_SUSPICIOUS_MOVE = YES;
				CLANG_WARN_UNGUARDED_AVAILABILITY = YES_AGGRESSIVE;
				CLANG_WARN_UNREACHABLE_CODE = YES;
				CLANG_WARN__DUPLICATE_METHOD_MATCH = YES;
				COPY_PHASE_STRIP = NO;
				DEBUG_INFORMATION_FORMAT = "dwarf-with-dsym";
				ENABLE_NS_ASSERTIONS = NO;
				ENABLE_STRICT_OBJC_MSGSEND = YES;
				ENABLE_USER_SCRIPT_SANDBOXING = YES;
				GCC_C_LANGUAGE_STANDARD = gnu17;
				GCC_NO_COMMON_BLOCKS = YES;
				GCC_WARN_64_TO_32_BIT_CONVERSION = YES;
				GCC_WARN_ABOUT_RETURN_TYPE = YES_ERROR;
				GCC_WARN_UNDECLARED_SELECTOR = YES;
				GCC_WARN_UNINITIALIZED_AUTOS = YES_AGGRESSIVE;
				GCC_WARN_UNUSED_FUNCTION = YES;
				GCC_WARN_UNUSED_VARIABLE = YES;
				IPHONEOS_DEPLOYMENT_TARGET = 18.2;
				LOCALIZATION_PREFERS_STRING_CATALOGS = YES;
				MTL_ENABLE_DEBUG_INFO = NO;
				MTL_FAST_MATH = YES;
				SDKROOT = iphoneos;
				SWIFT_COMPILATION_MODE = wholemodule;
				VALIDATE_PRODUCT = YES;
			};
			name = Release;
		};
/* End XCBuildConfiguration section */

/* Begin XCConfigurationList section */
		CECD36A62D60DFCA00050FB6 /* Build configuration list for PBXProject "Autodoc News" */ = {
			isa = XCConfigurationList;
			buildConfigurations = (
				CECD36DA2D60DFCC00050FB6 /* Debug */,
				CECD36DB2D60DFCC00050FB6 /* Release */,
			);
			defaultConfigurationIsVisible = 0;
			defaultConfigurationName = Release;
		};
		CECD36D72D60DFCC00050FB6 /* Build configuration list for PBXNativeTarget "Autodoc News" */ = {
			isa = XCConfigurationList;
			buildConfigurations = (
				CECD36D82D60DFCC00050FB6 /* Debug */,
				CECD36D92D60DFCC00050FB6 /* Release */,
			);
			defaultConfigurationIsVisible = 0;
			defaultConfigurationName = Release;
		};
/* End XCConfigurationList section */

/* Begin XCRemoteSwiftPackageReference section */
		CECD37A92D6257CA00050FB6 /* XCRemoteSwiftPackageReference "SnapKit" */ = {
			isa = XCRemoteSwiftPackageReference;
			repositoryURL = "https://github.com/SnapKit/SnapKit";
			requirement = {
				kind = exactVersion;
				version = 5.6.0;
			};
		};
/* End XCRemoteSwiftPackageReference section */

/* Begin XCSwiftPackageProductDependency section */
		CECD37AA2D6257CA00050FB6 /* SnapKit */ = {
			isa = XCSwiftPackageProductDependency;
			package = CECD37A92D6257CA00050FB6 /* XCRemoteSwiftPackageReference "SnapKit" */;
			productName = SnapKit;
		};
/* End XCSwiftPackageProductDependency section */
	};
	rootObject = CECD36A32D60DFCA00050FB6 /* Project object */;
}
