// !$*UTF8*$!
{
	archiveVersion = 1;
	classes = {
	};
	objectVersion = 77;
	objects = {

/* Begin PBXContainerItemProxy section */
		CECD36C52D60DFCC00050FB6 /* PBXContainerItemProxy */ = {
			isa = PBXContainerItemProxy;
			containerPortal = CECD36A32D60DFCA00050FB6 /* Project object */;
			proxyType = 1;
			remoteGlobalIDString = CECD36AA2D60DFCA00050FB6;
			remoteInfo = "Autodoc News";
		};
		CECD36CF2D60DFCC00050FB6 /* PBXContainerItemProxy */ = {
			isa = PBXContainerItemProxy;
			containerPortal = CECD36A32D60DFCA00050FB6 /* Project object */;
			proxyType = 1;
			remoteGlobalIDString = CECD36AA2D60DFCA00050FB6;
			remoteInfo = "Autodoc News";
		};
/* End PBXContainerItemProxy section */

/* Begin PBXFileReference section */
		CECD36AB2D60DFCA00050FB6 /* Autodoc News.app */ = {isa = PBXFileReference; explicitFileType = wrapper.application; includeInIndex = 0; path = "Autodoc News.app"; sourceTree = BUILT_PRODUCTS_DIR; };
		CECD36C42D60DFCC00050FB6 /* Autodoc NewsTests.xctest */ = {isa = PBXFileReference; explicitFileType = wrapper.cfbundle; includeInIndex = 0; path = "Autodoc NewsTests.xctest"; sourceTree = BUILT_PRODUCTS_DIR; };
		CECD36CE2D60DFCC00050FB6 /* Autodoc NewsUITests.xctest */ = {isa = PBXFileReference; explicitFileType = wrapper.cfbundle; includeInIndex = 0; path = "Autodoc NewsUITests.xctest"; sourceTree = BUILT_PRODUCTS_DIR; };
/* End PBXFileReference section */

/* Begin PBXFileSystemSynchronizedBuildFileExceptionSet section */
		CECD36D62D60DFCC00050FB6 /* Exceptions for "Autodoc News" folder in "Autodoc News" target */ = {
			isa = PBXFileSystemSynchronizedBuildFileExceptionSet;
			membershipExceptions = (
				Info.plist,
			);
			target = CECD36AA2D60DFCA00050FB6 /* Autodoc News */;
		};
/* End PBXFileSystemSynchronizedBuildFileExceptionSet section */

/* Begin PBXFileSystemSynchronizedRootGroup section */
		CECD36AD2D60DFCA00050FB6 /* Autodoc News */ = {
			isa = PBXFileSystemSynchronizedRootGroup;
			exceptions = (
				CECD36D62D60DFCC00050FB6 /* Exceptions for "Autodoc News" folder in "Autodoc News" target */,
			);
			path = "Autodoc News";
			sourceTree = "<group>";
		};
		CECD36C72D60DFCC00050FB6 /* Autodoc NewsTests */ = {
			isa = PBXFileSystemSynchronizedRootGroup;
			path = "Autodoc NewsTests";
			sourceTree = "<group>";
		};
		CECD36D12D60DFCC00050FB6 /* Autodoc NewsUITests */ = {
			isa = PBXFileSystemSynchronizedRootGroup;
			path = "Autodoc NewsUITests";
			sourceTree = "<group>";
		};
/* End PBXFileSystemSynchronizedRootGroup section */

/* Begin PBXFrameworksBuildPhase section */
		CECD36A82D60DFCA00050FB6 /* Frameworks */ = {
			isa = PBXFrameworksBuildPhase;
			buildActionMask = 2147483647;
			files = (
			);
			runOnlyForDeploymentPostprocessing = 0;
		};
		CECD36C12D60DFCC00050FB6 /* Frameworks */ = {
			isa = PBXFrameworksBuildPhase;
			buildActionMask = 2147483647;
			files = (
			);
			runOnlyForDeploymentPostprocessing = 0;
		};
		CECD36CB2D60DFCC00050FB6 /* Frameworks */ = {
			isa = PBXFrameworksBuildPhase;
			buildActionMask = 2147483647;
			files = (
			);
			runOnlyForDeploymentPostprocessing = 0;
		};
/* End PBXFrameworksBuildPhase section */

/* Begin PBXGroup section */
		CECD36A22D60DFCA00050FB6 = {
			isa = PBXGroup;
			children = (
				CECD36AD2D60DFCA00050FB6 /* Autodoc News */,
				CECD36C72D60DFCC00050FB6 /* Autodoc NewsTests */,
				CECD36D12D60DFCC00050FB6 /* Autodoc NewsUITests */,
				CECD36AC2D60DFCA00050FB6 /* Products */,
			);
			sourceTree = "<group>";
		};
		CECD36AC2D60DFCA00050FB6 /* Products */ = {
			isa = PBXGroup;
			children = (
				CECD36AB2D60DFCA00050FB6 /* Autodoc News.app */,
				CECD36C42D60DFCC00050FB6 /* Autodoc NewsTests.xctest */,
				CECD36CE2D60DFCC00050FB6 /* Autodoc NewsUITests.xctest */,
			);
			name = Products;
			sourceTree = "<group>";
		};
/* End PBXGroup section */

/* Begin PBXNativeTarget section */
		CECD36AA2D60DFCA00050FB6 /* Autodoc News */ = {
			isa = PBXNativeTarget;
			buildConfigurationList = CECD36D72D60DFCC00050FB6 /* Build configuration list for PBXNativeTarget "Autodoc News" */;
			buildPhases = (
				CECD36A72D60DFCA00050FB6 /* Sources */,
				CECD36A82D60DFCA00050FB6 /* Frameworks */,
				CECD36A92D60DFCA00050FB6 /* Resources */,
			);
			buildRules = (
			);
			dependencies = (
			);
			fileSystemSynchronizedGroups = (
				CECD36AD2D60DFCA00050FB6 /* Autodoc News */,
			);
			name = "Autodoc News";
			packageProductDependencies = (
			);
			productName = "Autodoc News";
			productReference = CECD36AB2D60DFCA00050FB6 /* Autodoc News.app */;
			productType = "com.apple.product-type.application";
		};
		CECD36C32D60DFCC00050FB6 /* Autodoc NewsTests */ = {
			isa = PBXNativeTarget;
			buildConfigurationList = CECD36DC2D60DFCC00050FB6 /* Build configuration list for PBXNativeTarget "Autodoc NewsTests" */;
			buildPhases = (
				CECD36C02D60DFCC00050FB6 /* Sources */,
				CECD36C12D60DFCC00050FB6 /* Frameworks */,
				CECD36C22D60DFCC00050FB6 /* Resources */,
			);
			buildRules = (
			);
			dependencies = (
				CECD36C62D60DFCC00050FB6 /* PBXTargetDependency */,
			);
			fileSystemSynchronizedGroups = (
				CECD36C72D60DFCC00050FB6 /* Autodoc NewsTests */,
			);
			name = "Autodoc NewsTests";
			packageProductDependencies = (
			);
			productName = "Autodoc NewsTests";
			productReference = CECD36C42D60DFCC00050FB6 /* Autodoc NewsTests.xctest */;
			productType = "com.apple.product-type.bundle.unit-test";
		};
		CECD36CD2D60DFCC00050FB6 /* Autodoc NewsUITests */ = {
			isa = PBXNativeTarget;
			buildConfigurationList = CECD36DF2D60DFCC00050FB6 /* Build configuration list for PBXNativeTarget "Autodoc NewsUITests" */;
			buildPhases = (
				CECD36CA2D60DFCC00050FB6 /* Sources */,
				CECD36CB2D60DFCC00050FB6 /* Frameworks */,
				CECD36CC2D60DFCC00050FB6 /* Resources */,
			);
			buildRules = (
			);
			dependencies = (
				CECD36D02D60DFCC00050FB6 /* PBXTargetDependency */,
			);
			fileSystemSynchronizedGroups = (
				CECD36D12D60DFCC00050FB6 /* Autodoc NewsUITests */,
			);
			name = "Autodoc NewsUITests";
			packageProductDependencies = (
			);
			productName = "Autodoc NewsUITests";
			productReference = CECD36CE2D60DFCC00050FB6 /* Autodoc NewsUITests.xctest */;
			productType = "com.apple.product-type.bundle.ui-testing";
		};
/* End PBXNativeTarget section */

/* Begin PBXProject section */
		CECD36A32D60DFCA00050FB6 /* Project object */ = {
			isa = PBXProject;
			attributes = {
				BuildIndependentTargetsInParallel = 1;
				LastSwiftUpdateCheck = 1620;
				LastUpgradeCheck = 1620;
				TargetAttributes = {
					CECD36AA2D60DFCA00050FB6 = {
						CreatedOnToolsVersion = 16.2;
					};
					CECD36C32D60DFCC00050FB6 = {
						CreatedOnToolsVersion = 16.2;
						TestTargetID = CECD36AA2D60DFCA00050FB6;
					};
					CECD36CD2D60DFCC00050FB6 = {
						CreatedOnToolsVersion = 16.2;
						TestTargetID = CECD36AA2D60DFCA00050FB6;
					};
				};
			};
			buildConfigurationList = CECD36A62D60DFCA00050FB6 /* Build configuration list for PBXProject "Autodoc News" */;
			developmentRegion = en;
			hasScannedForEncodings = 0;
			knownRegions = (
				en,
				Base,
			);
			mainGroup = CECD36A22D60DFCA00050FB6;
			minimizedProjectReferenceProxies = 1;
			preferredProjectObjectVersion = 77;
			productRefGroup = CECD36AC2D60DFCA00050FB6 /* Products */;
			projectDirPath = "";
			projectRoot = "";
			targets = (
				CECD36AA2D60DFCA00050FB6 /* Autodoc News */,
				CECD36C32D60DFCC00050FB6 /* Autodoc NewsTests */,
				CECD36CD2D60DFCC00050FB6 /* Autodoc NewsUITests */,
			);
		};
/* End PBXProject section */

/* Begin PBXResourcesBuildPhase section */
		CECD36A92D60DFCA00050FB6 /* Resources */ = {
			isa = PBXResourcesBuildPhase;
			buildActionMask = 2147483647;
			files = (
			);
			runOnlyForDeploymentPostprocessing = 0;
		};
		CECD36C22D60DFCC00050FB6 /* Resources */ = {
			isa = PBXResourcesBuildPhase;
			buildActionMask = 2147483647;
			files = (
			);
			runOnlyForDeploymentPostprocessing = 0;
		};
		CECD36CC2D60DFCC00050FB6 /* Resources */ = {
			isa = PBXResourcesBuildPhase;
			buildActionMask = 2147483647;
			files = (
			);
			runOnlyForDeploymentPostprocessing = 0;
		};
/* End PBXResourcesBuildPhase section */

/* Begin PBXSourcesBuildPhase section */
		CECD36A72D60DFCA00050FB6 /* Sources */ = {
			isa = PBXSourcesBuildPhase;
			buildActionMask = 2147483647;
			files = (
			);
			runOnlyForDeploymentPostprocessing = 0;
		};
		CECD36C02D60DFCC00050FB6 /* Sources */ = {
			isa = PBXSourcesBuildPhase;
			buildActionMask = 2147483647;
			files = (
			);
			runOnlyForDeploymentPostprocessing = 0;
		};
		CECD36CA2D60DFCC00050FB6 /* Sources */ = {
			isa = PBXSourcesBuildPhase;
			buildActionMask = 2147483647;
			files = (
			);
			runOnlyForDeploymentPostprocessing = 0;
		};
/* End PBXSourcesBuildPhase section */

/* Begin PBXTargetDependency section */
		CECD36C62D60DFCC00050FB6 /* PBXTargetDependency */ = {
			isa = PBXTargetDependency;
			target = CECD36AA2D60DFCA00050FB6 /* Autodoc News */;
			targetProxy = CECD36C52D60DFCC00050FB6 /* PBXContainerItemProxy */;
		};
		CECD36D02D60DFCC00050FB6 /* PBXTargetDependency */ = {
			isa = PBXTargetDependency;
			target = CECD36AA2D60DFCA00050FB6 /* Autodoc News */;
			targetProxy = CECD36CF2D60DFCC00050FB6 /* PBXContainerItemProxy */;
		};
/* End PBXTargetDependency section */

/* Begin XCBuildConfiguration section */
		CECD36D82D60DFCC00050FB6 /* Debug */ = {
			isa = XCBuildConfiguration;
			buildSettings = {
				ASSETCATALOG_COMPILER_APPICON_NAME = AppIcon;
				ASSETCATALOG_COMPILER_GLOBAL_ACCENT_COLOR_NAME = AccentColor;
				CODE_SIGN_STYLE = Automatic;
				CURRENT_PROJECT_VERSION = 1;
				DEVELOPMENT_TEAM = M2AV5R5DQ2;
				GENERATE_INFOPLIST_FILE = YES;
				INFOPLIST_FILE = "Autodoc News/Info.plist";
				INFOPLIST_KEY_UIApplicationSupportsIndirectInputEvents = YES;
				INFOPLIST_KEY_UILaunchStoryboardName = LaunchScreen;
				INFOPLIST_KEY_UIMainStoryboardFile = Main;
				INFOPLIST_KEY_UISupportedInterfaceOrientations_iPad = "UIInterfaceOrientationPortrait UIInterfaceOrientationPortraitUpsideDown UIInterfaceOrientationLandscapeLeft UIInterfaceOrientationLandscapeRight";
				INFOPLIST_KEY_UISupportedInterfaceOrientations_iPhone = "UIInterfaceOrientationPortrait UIInterfaceOrientationLandscapeLeft UIInterfaceOrientationLandscapeRight";
				LD_RUNPATH_SEARCH_PATHS = (
					"$(inherited)",
					"@executable_path/Frameworks",
				);
				MARKETING_VERSION = 1.0;
				PRODUCT_BUNDLE_IDENTIFIER = "com.test.autodoc.Autodoc-News";
				PRODUCT_NAME = "$(TARGET_NAME)";
				SWIFT_EMIT_LOC_STRINGS = YES;
				SWIFT_VERSION = 5.0;
				TARGETED_DEVICE_FAMILY = "1,2";
			};
			name = Debug;
		};
		CECD36D92D60DFCC00050FB6 /* Release */ = {
			isa = XCBuildConfiguration;
			buildSettings = {
				ASSETCATALOG_COMPILER_APPICON_NAME = AppIcon;
				ASSETCATALOG_COMPILER_GLOBAL_ACCENT_COLOR_NAME = AccentColor;
				CODE_SIGN_STYLE = Automatic;
				CURRENT_PROJECT_VERSION = 1;
				DEVELOPMENT_TEAM = M2AV5R5DQ2;
				GENERATE_INFOPLIST_FILE = YES;
				INFOPLIST_FILE = "Autodoc News/Info.plist";
				INFOPLIST_KEY_UIApplicationSupportsIndirectInputEvents = YES;
				INFOPLIST_KEY_UILaunchStoryboardName = LaunchScreen;
				INFOPLIST_KEY_UIMainStoryboardFile = Main;
				INFOPLIST_KEY_UISupportedInterfaceOrientations_iPad = "UIInterfaceOrientationPortrait UIInterfaceOrientationPortraitUpsideDown UIInterfaceOrientationLandscapeLeft UIInterfaceOrientationLandscapeRight";
				INFOPLIST_KEY_UISupportedInterfaceOrientations_iPhone = "UIInterfaceOrientationPortrait UIInterfaceOrientationLandscapeLeft UIInterfaceOrientationLandscapeRight";
				LD_RUNPATH_SEARCH_PATHS = (
					"$(inherited)",
					"@executable_path/Frameworks",
				);
				MARKETING_VERSION = 1.0;
				PRODUCT_BUNDLE_IDENTIFIER = "com.test.autodoc.Autodoc-News";
				PRODUCT_NAME = "$(TARGET_NAME)";
				SWIFT_EMIT_LOC_STRINGS = YES;
				SWIFT_VERSION = 5.0;
				TARGETED_DEVICE_FAMILY = "1,2";
			};
			name = Release;
		};
		CECD36DA2D60DFCC00050FB6 /* Debug */ = {
			isa = XCBuildConfiguration;
			buildSettings = {
				ALWAYS_SEARCH_USER_PATHS = NO;
				ASSETCATALOG_COMPILER_GENERATE_SWIFT_ASSET_SYMBOL_EXTENSIONS = YES;
				CLANG_ANALYZER_NONNULL = YES;
				CLANG_ANALYZER_NUMBER_OBJECT_CONVERSION = YES_AGGRESSIVE;
				CLANG_CXX_LANGUAGE_STANDARD = "gnu++20";
				CLANG_ENABLE_MODULES = YES;
				CLANG_ENABLE_OBJC_ARC = YES;
				CLANG_ENABLE_OBJC_WEAK = YES;
				CLANG_WARN_BLOCK_CAPTURE_AUTORELEASING = YES;
				CLANG_WARN_BOOL_CONVERSION = YES;
				CLANG_WARN_COMMA = YES;
				CLANG_WARN_CONSTANT_CONVERSION = YES;
				CLANG_WARN_DEPRECATED_OBJC_IMPLEMENTATIONS = YES;
				CLANG_WARN_DIRECT_OBJC_ISA_USAGE = YES_ERROR;
				CLANG_WARN_DOCUMENTATION_COMMENTS = YES;
				CLANG_WARN_EMPTY_BODY = YES;
				CLANG_WARN_ENUM_CONVERSION = YES;
				CLANG_WARN_INFINITE_RECURSION = YES;
				CLANG_WARN_INT_CONVERSION = YES;
				CLANG_WARN_NON_LITERAL_NULL_CONVERSION = YES;
				CLANG_WARN_OBJC_IMPLICIT_RETAIN_SELF = YES;
				CLANG_WARN_OBJC_LITERAL_CONVERSION = YES;
				CLANG_WARN_OBJC_ROOT_CLASS = YES_ERROR;
				CLANG_WARN_QUOTED_INCLUDE_IN_FRAMEWORK_HEADER = YES;
				CLANG_WARN_RANGE_LOOP_ANALYSIS = YES;
				CLANG_WARN_STRICT_PROTOTYPES = YES;
				CLANG_WARN_SUSPICIOUS_MOVE = YES;
				CLANG_WARN_UNGUARDED_AVAILABILITY = YES_AGGRESSIVE;
				CLANG_WARN_UNREACHABLE_CODE = YES;
				CLANG_WARN__DUPLICATE_METHOD_MATCH = YES;
				COPY_PHASE_STRIP = NO;
				DEBUG_INFORMATION_FORMAT = dwarf;
				ENABLE_STRICT_OBJC_MSGSEND = YES;
				ENABLE_TESTABILITY = YES;
				ENABLE_USER_SCRIPT_SANDBOXING = YES;
				GCC_C_LANGUAGE_STANDARD = gnu17;
				GCC_DYNAMIC_NO_PIC = NO;
				GCC_NO_COMMON_BLOCKS = YES;
				GCC_OPTIMIZATION_LEVEL = 0;
				GCC_PREPROCESSOR_DEFINITIONS = (
					"DEBUG=1",
					"$(inherited)",
				);
				GCC_WARN_64_TO_32_BIT_CONVERSION = YES;
				GCC_WARN_ABOUT_RETURN_TYPE = YES_ERROR;
				GCC_WARN_UNDECLARED_SELECTOR = YES;
				GCC_WARN_UNINITIALIZED_AUTOS = YES_AGGRESSIVE;
				GCC_WARN_UNUSED_FUNCTION = YES;
				GCC_WARN_UNUSED_VARIABLE = YES;
				IPHONEOS_DEPLOYMENT_TARGET = 18.2;
				LOCALIZATION_PREFERS_STRING_CATALOGS = YES;
				MTL_ENABLE_DEBUG_INFO = INCLUDE_SOURCE;
				MTL_FAST_MATH = YES;
				ONLY_ACTIVE_ARCH = YES;
				SDKROOT = iphoneos;
				SWIFT_ACTIVE_COMPILATION_CONDITIONS = "DEBUG $(inherited)";
				SWIFT_OPTIMIZATION_LEVEL = "-Onone";
			};
			name = Debug;
		};
		CECD36DB2D60DFCC00050FB6 /* Release */ = {
			isa = XCBuildConfiguration;
			buildSettings = {
				ALWAYS_SEARCH_USER_PATHS = NO;
				ASSETCATALOG_COMPILER_GENERATE_SWIFT_ASSET_SYMBOL_EXTENSIONS = YES;
				CLANG_ANALYZER_NONNULL = YES;
				CLANG_ANALYZER_NUMBER_OBJECT_CONVERSION = YES_AGGRESSIVE;
				CLANG_CXX_LANGUAGE_STANDARD = "gnu++20";
				CLANG_ENABLE_MODULES = YES;
				CLANG_ENABLE_OBJC_ARC = YES;
				CLANG_ENABLE_OBJC_WEAK = YES;
				CLANG_WARN_BLOCK_CAPTURE_AUTORELEASING = YES;
				CLANG_WARN_BOOL_CONVERSION = YES;
				CLANG_WARN_COMMA = YES;
				CLANG_WARN_CONSTANT_CONVERSION = YES;
				CLANG_WARN_DEPRECATED_OBJC_IMPLEMENTATIONS = YES;
				CLANG_WARN_DIRECT_OBJC_ISA_USAGE = YES_ERROR;
				CLANG_WARN_DOCUMENTATION_COMMENTS = YES;
				CLANG_WARN_EMPTY_BODY = YES;
				CLANG_WARN_ENUM_CONVERSION = YES;
				CLANG_WARN_INFINITE_RECURSION = YES;
				CLANG_WARN_INT_CONVERSION = YES;
				CLANG_WARN_NON_LITERAL_NULL_CONVERSION = YES;
				CLANG_WARN_OBJC_IMPLICIT_RETAIN_SELF = YES;
				CLANG_WARN_OBJC_LITERAL_CONVERSION = YES;
				CLANG_WARN_OBJC_ROOT_CLASS = YES_ERROR;
				CLANG_WARN_QUOTED_INCLUDE_IN_FRAMEWORK_HEADER = YES;
				CLANG_WARN_RANGE_LOOP_ANALYSIS = YES;
				CLANG_WARN_STRICT_PROTOTYPES = YES;
				CLANG_WARN_SUSPICIOUS_MOVE = YES;
				CLANG_WARN_UNGUARDED_AVAILABILITY = YES_AGGRESSIVE;
				CLANG_WARN_UNREACHABLE_CODE = YES;
				CLANG_WARN__DUPLICATE_METHOD_MATCH = YES;
				COPY_PHASE_STRIP = NO;
				DEBUG_INFORMATION_FORMAT = "dwarf-with-dsym";
				ENABLE_NS_ASSERTIONS = NO;
				ENABLE_STRICT_OBJC_MSGSEND = YES;
				ENABLE_USER_SCRIPT_SANDBOXING = YES;
				GCC_C_LANGUAGE_STANDARD = gnu17;
				GCC_NO_COMMON_BLOCKS = YES;
				GCC_WARN_64_TO_32_BIT_CONVERSION = YES;
				GCC_WARN_ABOUT_RETURN_TYPE = YES_ERROR;
				GCC_WARN_UNDECLARED_SELECTOR = YES;
				GCC_WARN_UNINITIALIZED_AUTOS = YES_AGGRESSIVE;
				GCC_WARN_UNUSED_FUNCTION = YES;
				GCC_WARN_UNUSED_VARIABLE = YES;
				IPHONEOS_DEPLOYMENT_TARGET = 18.2;
				LOCALIZATION_PREFERS_STRING_CATALOGS = YES;
				MTL_ENABLE_DEBUG_INFO = NO;
				MTL_FAST_MATH = YES;
				SDKROOT = iphoneos;
				SWIFT_COMPILATION_MODE = wholemodule;
				VALIDATE_PRODUCT = YES;
			};
			name = Release;
		};
		CECD36DD2D60DFCC00050FB6 /* Debug */ = {
			isa = XCBuildConfiguration;
			buildSettings = {
				BUNDLE_LOADER = "$(TEST_HOST)";
				CODE_SIGN_STYLE = Automatic;
				CURRENT_PROJECT_VERSION = 1;
				DEVELOPMENT_TEAM = M2AV5R5DQ2;
				GENERATE_INFOPLIST_FILE = YES;
				IPHONEOS_DEPLOYMENT_TARGET = 18.2;
				MARKETING_VERSION = 1.0;
				PRODUCT_BUNDLE_IDENTIFIER = "com.test.autodoc.Autodoc-NewsTests";
				PRODUCT_NAME = "$(TARGET_NAME)";
				SWIFT_EMIT_LOC_STRINGS = NO;
				SWIFT_VERSION = 5.0;
				TARGETED_DEVICE_FAMILY = "1,2";
				TEST_HOST = "$(BUILT_PRODUCTS_DIR)/Autodoc News.app/$(BUNDLE_EXECUTABLE_FOLDER_PATH)/Autodoc News";
			};
			name = Debug;
		};
		CECD36DE2D60DFCC00050FB6 /* Release */ = {
			isa = XCBuildConfiguration;
			buildSettings = {
				BUNDLE_LOADER = "$(TEST_HOST)";
				CODE_SIGN_STYLE = Automatic;
				CURRENT_PROJECT_VERSION = 1;
				DEVELOPMENT_TEAM = M2AV5R5DQ2;
				GENERATE_INFOPLIST_FILE = YES;
				IPHONEOS_DEPLOYMENT_TARGET = 18.2;
				MARKETING_VERSION = 1.0;
				PRODUCT_BUNDLE_IDENTIFIER = "com.test.autodoc.Autodoc-NewsTests";
				PRODUCT_NAME = "$(TARGET_NAME)";
				SWIFT_EMIT_LOC_STRINGS = NO;
				SWIFT_VERSION = 5.0;
				TARGETED_DEVICE_FAMILY = "1,2";
				TEST_HOST = "$(BUILT_PRODUCTS_DIR)/Autodoc News.app/$(BUNDLE_EXECUTABLE_FOLDER_PATH)/Autodoc News";
			};
			name = Release;
		};
		CECD36E02D60DFCC00050FB6 /* Debug */ = {
			isa = XCBuildConfiguration;
			buildSettings = {
				CODE_SIGN_STYLE = Automatic;
				CURRENT_PROJECT_VERSION = 1;
				DEVELOPMENT_TEAM = M2AV5R5DQ2;
				GENERATE_INFOPLIST_FILE = YES;
				MARKETING_VERSION = 1.0;
				PRODUCT_BUNDLE_IDENTIFIER = "com.test.autodoc.Autodoc-NewsUITests";
				PRODUCT_NAME = "$(TARGET_NAME)";
				SWIFT_EMIT_LOC_STRINGS = NO;
				SWIFT_VERSION = 5.0;
				TARGETED_DEVICE_FAMILY = "1,2";
				TEST_TARGET_NAME = "Autodoc News";
			};
			name = Debug;
		};
		CECD36E12D60DFCC00050FB6 /* Release */ = {
			isa = XCBuildConfiguration;
			buildSettings = {
				CODE_SIGN_STYLE = Automatic;
				CURRENT_PROJECT_VERSION = 1;
				DEVELOPMENT_TEAM = M2AV5R5DQ2;
				GENERATE_INFOPLIST_FILE = YES;
				MARKETING_VERSION = 1.0;
				PRODUCT_BUNDLE_IDENTIFIER = "com.test.autodoc.Autodoc-NewsUITests";
				PRODUCT_NAME = "$(TARGET_NAME)";
				SWIFT_EMIT_LOC_STRINGS = NO;
				SWIFT_VERSION = 5.0;
				TARGETED_DEVICE_FAMILY = "1,2";
				TEST_TARGET_NAME = "Autodoc News";
			};
			name = Release;
		};
/* End XCBuildConfiguration section */

/* Begin XCConfigurationList section */
		CECD36A62D60DFCA00050FB6 /* Build configuration list for PBXProject "Autodoc News" */ = {
			isa = XCConfigurationList;
			buildConfigurations = (
				CECD36DA2D60DFCC00050FB6 /* Debug */,
				CECD36DB2D60DFCC00050FB6 /* Release */,
			);
			defaultConfigurationIsVisible = 0;
			defaultConfigurationName = Release;
		};
		CECD36D72D60DFCC00050FB6 /* Build configuration list for PBXNativeTarget "Autodoc News" */ = {
			isa = XCConfigurationList;
			buildConfigurations = (
				CECD36D82D60DFCC00050FB6 /* Debug */,
				CECD36D92D60DFCC00050FB6 /* Release */,
			);
			defaultConfigurationIsVisible = 0;
			defaultConfigurationName = Release;
		};
		CECD36DC2D60DFCC00050FB6 /* Build configuration list for PBXNativeTarget "Autodoc NewsTests" */ = {
			isa = XCConfigurationList;
			buildConfigurations = (
				CECD36DD2D60DFCC00050FB6 /* Debug */,
				CECD36DE2D60DFCC00050FB6 /* Release */,
			);
			defaultConfigurationIsVisible = 0;
			defaultConfigurationName = Release;
		};
		CECD36DF2D60DFCC00050FB6 /* Build configuration list for PBXNativeTarget "Autodoc NewsUITests" */ = {
			isa = XCConfigurationList;
			buildConfigurations = (
				CECD36E02D60DFCC00050FB6 /* Debug */,
				CECD36E12D60DFCC00050FB6 /* Release */,
			);
			defaultConfigurationIsVisible = 0;
			defaultConfigurationName = Release;
		};
/* End XCConfigurationList section */
	};
	rootObject = CECD36A32D60DFCA00050FB6 /* Project object */;
}
